
Microsoft Visual Studio Solution File, Format Version 12.00
# Visual Studio 2012
Project("{FAE04EC0-301F-11D3-BF4B-00C04F79EFBC}") = "CSharp_Struct", "CSharp_Struct\CSharp_Struct.csproj", "{AECEF8FA-0C68-4C60-8549-D7F845F4B91E}"
EndProject
Global
	GlobalSection(SolutionConfigurationPlatforms) = preSolution
		Debug|x86 = Debug|x86
		Release|x86 = Release|x86
	EndGlobalSection
	GlobalSection(ProjectConfigurationPlatforms) = postSolution
		{AECEF8FA-0C68-4C60-8549-D7F845F4B91E}.Debug|x86.ActiveCfg = Debug|x86
		{AECEF8FA-0C68-4C60-8549-D7F845F4B91E}.Debug|x86.Build.0 = Debug|x86
		{AECEF8FA-0C68-4C60-8549-D7F845F4B91E}.Release|x86.ActiveCfg = Release|x86
		{AECEF8FA-0C68-4C60-8549-D7F845F4B91E}.Release|x86.Build.0 = Release|x86
	EndGlobalSection
EndGlobal
